
Microsoft Visual Studio Solution File, Format Version 12.00
# Visual Studio Version 17
VisualStudioVersion = 17.9.34622.214
MinimumVisualStudioVersion = 10.0.40219.1
Project("{2150E333-8FDC-42A3-9474-1A3956D46DE8}") = "src", "src", "{32A74EE7-EF32-405A-BA14-80CD809CAE4D}"
EndProject
Project("{2150E333-8FDC-42A3-9474-1A3956D46DE8}") = "Building Blocks", "Building Blocks", "{443F46DB-A9C9-4BBE-A2D0-A92445DF802B}"
EndProject
Project("{2150E333-8FDC-42A3-9474-1A3956D46DE8}") = "Services", "Services", "{7BCA9660-7B90-48B0-8ABE-2E90189209A6}"
EndProject
Project("{2150E333-8FDC-42A3-9474-1A3956D46DE8}") = "Web", "Web", "{EB2122CE-11E8-465B-8257-31F788CC2B92}"
EndProject
Project("{2150E333-8FDC-42A3-9474-1A3956D46DE8}") = "Indentity", "Indentity", "{B6E0E824-7B17-4038-A3A1-64EDCC01FC36}"
EndProject
Project("{2150E333-8FDC-42A3-9474-1A3956D46DE8}") = "MVC", "MVC", "{6CDA1030-E74B-4069-964C-194D82837494}"
EndProject
Project("{2150E333-8FDC-42A3-9474-1A3956D46DE8}") = "Core", "Core", "{ED6CD2D4-C1ED-4474-82FD-831C1236ECC0}"
EndProject
Project("{2150E333-8FDC-42A3-9474-1A3956D46DE8}") = "Cart", "Cart", "{4273F984-607C-451A-9ADE-E2DC4DB708E5}"
EndProject
Project("{2150E333-8FDC-42A3-9474-1A3956D46DE8}") = "Payment", "Payment", "{00262CFD-4C37-4AA2-90F2-E8CBA6CD6A1C}"
EndProject
Project("{2150E333-8FDC-42A3-9474-1A3956D46DE8}") = "Products", "Products", "{89781B3F-400A-4639-97BA-7C34E4DBF30C}"
EndProject
Project("{2150E333-8FDC-42A3-9474-1A3956D46DE8}") = "Order", "Order", "{0C58A7F8-0033-45D2-A732-175219EF5FC4}"
EndProject
Project("{2150E333-8FDC-42A3-9474-1A3956D46DE8}") = "Client", "Client", "{95B3C010-7597-4479-856E-28180901F582}"
EndProject
Project("{9A19103F-16F7-4668-BE54-9A1E7A4F7556}") = "MotorcycleStore.Identity.API", "src\services\MotorcycleStore.Identity.API\MotorcycleStore.Identity.API.csproj", "{30090150-8D93-491F-9A8F-EEEADF754D7F}"
EndProject
Project("{FAE04EC0-301F-11D3-BF4B-00C04F79EFBC}") = "MotorcycleStore.WebApp.MVC", "src\web\MotorcycleStore.WebApp.MVC\MotorcycleStore.WebApp.MVC.csproj", "{C67395BE-A9D0-407F-803C-7A97CFD38F28}"
EndProject
Global
	GlobalSection(SolutionConfigurationPlatforms) = preSolution
		Debug|Any CPU = Debug|Any CPU
		Release|Any CPU = Release|Any CPU
	EndGlobalSection
	GlobalSection(ProjectConfigurationPlatforms) = postSolution
		{30090150-8D93-491F-9A8F-EEEADF754D7F}.Debug|Any CPU.ActiveCfg = Debug|Any CPU
		{30090150-8D93-491F-9A8F-EEEADF754D7F}.Debug|Any CPU.Build.0 = Debug|Any CPU
		{30090150-8D93-491F-9A8F-EEEADF754D7F}.Release|Any CPU.ActiveCfg = Release|Any CPU
		{30090150-8D93-491F-9A8F-EEEADF754D7F}.Release|Any CPU.Build.0 = Release|Any CPU
		{C67395BE-A9D0-407F-803C-7A97CFD38F28}.Debug|Any CPU.ActiveCfg = Debug|Any CPU
		{C67395BE-A9D0-407F-803C-7A97CFD38F28}.Debug|Any CPU.Build.0 = Debug|Any CPU
		{C67395BE-A9D0-407F-803C-7A97CFD38F28}.Release|Any CPU.ActiveCfg = Release|Any CPU
		{C67395BE-A9D0-407F-803C-7A97CFD38F28}.Release|Any CPU.Build.0 = Release|Any CPU
	EndGlobalSection
	GlobalSection(SolutionProperties) = preSolution
		HideSolutionNode = FALSE
	EndGlobalSection
	GlobalSection(NestedProjects) = preSolution
		{443F46DB-A9C9-4BBE-A2D0-A92445DF802B} = {32A74EE7-EF32-405A-BA14-80CD809CAE4D}
		{7BCA9660-7B90-48B0-8ABE-2E90189209A6} = {32A74EE7-EF32-405A-BA14-80CD809CAE4D}
		{EB2122CE-11E8-465B-8257-31F788CC2B92} = {32A74EE7-EF32-405A-BA14-80CD809CAE4D}
		{B6E0E824-7B17-4038-A3A1-64EDCC01FC36} = {7BCA9660-7B90-48B0-8ABE-2E90189209A6}
		{6CDA1030-E74B-4069-964C-194D82837494} = {EB2122CE-11E8-465B-8257-31F788CC2B92}
		{ED6CD2D4-C1ED-4474-82FD-831C1236ECC0} = {443F46DB-A9C9-4BBE-A2D0-A92445DF802B}
		{4273F984-607C-451A-9ADE-E2DC4DB708E5} = {7BCA9660-7B90-48B0-8ABE-2E90189209A6}
		{00262CFD-4C37-4AA2-90F2-E8CBA6CD6A1C} = {7BCA9660-7B90-48B0-8ABE-2E90189209A6}
		{89781B3F-400A-4639-97BA-7C34E4DBF30C} = {7BCA9660-7B90-48B0-8ABE-2E90189209A6}
		{0C58A7F8-0033-45D2-A732-175219EF5FC4} = {7BCA9660-7B90-48B0-8ABE-2E90189209A6}
		{95B3C010-7597-4479-856E-28180901F582} = {7BCA9660-7B90-48B0-8ABE-2E90189209A6}
		{30090150-8D93-491F-9A8F-EEEADF754D7F} = {B6E0E824-7B17-4038-A3A1-64EDCC01FC36}
		{C67395BE-A9D0-407F-803C-7A97CFD38F28} = {6CDA1030-E74B-4069-964C-194D82837494}
	EndGlobalSection
	GlobalSection(ExtensibilityGlobals) = postSolution
		SolutionGuid = {80AE2BC3-7282-4943-B30B-684B199E3C7F}
	EndGlobalSection
EndGlobal
